
Microsoft Visual Studio Solution File, Format Version 12.00
# Visual Studio Version 17
VisualStudioVersion = 17.5.33627.172
MinimumVisualStudioVersion = 10.0.40219.1
Project("{FAE04EC0-301F-11D3-BF4B-00C04F79EFBC}") = "UC1 FIBONACCI", "UC1 FIBONACCI.csproj", "{F19C8459-A2E8-4C5C-8AB6-342CA154FABE}"
EndProject
Global
	GlobalSection(SolutionConfigurationPlatforms) = preSolution
		Debug|Any CPU = Debug|Any CPU
		Release|Any CPU = Release|Any CPU
	EndGlobalSection
	GlobalSection(ProjectConfigurationPlatforms) = postSolution
		{F19C8459-A2E8-4C5C-8AB6-342CA154FABE}.Debug|Any CPU.ActiveCfg = Debug|Any CPU
		{F19C8459-A2E8-4C5C-8AB6-342CA154FABE}.Debug|Any CPU.Build.0 = Debug|Any CPU
		{F19C8459-A2E8-4C5C-8AB6-342CA154FABE}.Release|Any CPU.ActiveCfg = Release|Any CPU
		{F19C8459-A2E8-4C5C-8AB6-342CA154FABE}.Release|Any CPU.Build.0 = Release|Any CPU
	EndGlobalSection
	GlobalSection(SolutionProperties) = preSolution
		HideSolutionNode = FALSE
	EndGlobalSection
	GlobalSection(ExtensibilityGlobals) = postSolution
		SolutionGuid = {37847593-CDB7-47D0-B1BB-91ED8622C6DF}
	EndGlobalSection
EndGlobal
